
Microsoft Visual Studio Solution File, Format Version 12.00
# Visual Studio Version 16
VisualStudioVersion = 16.0.31321.278
MinimumVisualStudioVersion = 10.0.40219.1
Project("{9A19103F-16F7-4668-BE54-9A1E7A4F7556}") = "Squazz.Sugar", "src\Squazz.Sugar\Squazz.Sugar.csproj", "{A7D1CD44-86E2-4C02-9028-A693C07ED968}"
EndProject
Global
	GlobalSection(SolutionConfigurationPlatforms) = preSolution
		Debug|Any CPU = Debug|Any CPU
		Release|Any CPU = Release|Any CPU
	EndGlobalSection
	GlobalSection(ProjectConfigurationPlatforms) = postSolution
		{A7D1CD44-86E2-4C02-9028-A693C07ED968}.Debug|Any CPU.ActiveCfg = Debug|Any CPU
		{A7D1CD44-86E2-4C02-9028-A693C07ED968}.Debug|Any CPU.Build.0 = Debug|Any CPU
		{A7D1CD44-86E2-4C02-9028-A693C07ED968}.Release|Any CPU.ActiveCfg = Release|Any CPU
		{A7D1CD44-86E2-4C02-9028-A693C07ED968}.Release|Any CPU.Build.0 = Release|Any CPU
	EndGlobalSection
	GlobalSection(SolutionProperties) = preSolution
		HideSolutionNode = FALSE
	EndGlobalSection
	GlobalSection(ExtensibilityGlobals) = postSolution
		SolutionGuid = {68160595-D573-4D04-A11D-039E2F49C6C3}
	EndGlobalSection
EndGlobal
